
Microsoft Visual Studio Solution File, Format Version 12.00
# Visual Studio Version 17
VisualStudioVersion = 17.3.32929.385
MinimumVisualStudioVersion = 10.0.40219.1
Project("{FAE04EC0-301F-11D3-BF4B-00C04F79EFBC}") = "Lekcja9Linq", "Lekcja9Linq\Lekcja9Linq.csproj", "{35E05485-8A4A-4B79-936E-09BB9321E2B3}"
EndProject
Global
	GlobalSection(SolutionConfigurationPlatforms) = preSolution
		Debug|Any CPU = Debug|Any CPU
		Release|Any CPU = Release|Any CPU
	EndGlobalSection
	GlobalSection(ProjectConfigurationPlatforms) = postSolution
		{35E05485-8A4A-4B79-936E-09BB9321E2B3}.Debug|Any CPU.ActiveCfg = Debug|Any CPU
		{35E05485-8A4A-4B79-936E-09BB9321E2B3}.Debug|Any CPU.Build.0 = Debug|Any CPU
		{35E05485-8A4A-4B79-936E-09BB9321E2B3}.Release|Any CPU.ActiveCfg = Release|Any CPU
		{35E05485-8A4A-4B79-936E-09BB9321E2B3}.Release|Any CPU.Build.0 = Release|Any CPU
	EndGlobalSection
	GlobalSection(SolutionProperties) = preSolution
		HideSolutionNode = FALSE
	EndGlobalSection
	GlobalSection(ExtensibilityGlobals) = postSolution
		SolutionGuid = {36379722-0AA5-4142-B8D2-881615759E0E}
	EndGlobalSection
EndGlobal
