
Microsoft Visual Studio Solution File, Format Version 12.00
# Visual Studio Version 17
VisualStudioVersion = 17.3.32929.385
MinimumVisualStudioVersion = 10.0.40219.1
Project("{FAE04EC0-301F-11D3-BF4B-00C04F79EFBC}") = "Lekcja3", "Lekcja3\Lekcja3.csproj", "{0AEECE2A-CB49-40A4-9B79-AE1C148170FD}"
EndProject
Global
	GlobalSection(SolutionConfigurationPlatforms) = preSolution
		Debug|Any CPU = Debug|Any CPU
		Release|Any CPU = Release|Any CPU
	EndGlobalSection
	GlobalSection(ProjectConfigurationPlatforms) = postSolution
		{0AEECE2A-CB49-40A4-9B79-AE1C148170FD}.Debug|Any CPU.ActiveCfg = Debug|Any CPU
		{0AEECE2A-CB49-40A4-9B79-AE1C148170FD}.Debug|Any CPU.Build.0 = Debug|Any CPU
		{0AEECE2A-CB49-40A4-9B79-AE1C148170FD}.Release|Any CPU.ActiveCfg = Release|Any CPU
		{0AEECE2A-CB49-40A4-9B79-AE1C148170FD}.Release|Any CPU.Build.0 = Release|Any CPU
	EndGlobalSection
	GlobalSection(SolutionProperties) = preSolution
		HideSolutionNode = FALSE
	EndGlobalSection
	GlobalSection(ExtensibilityGlobals) = postSolution
		SolutionGuid = {018EEF79-18A4-4111-B460-1851E14F7814}
	EndGlobalSection
EndGlobal
