
Microsoft Visual Studio Solution File, Format Version 12.00
# Visual Studio Version 17
VisualStudioVersion = 17.3.32929.385
MinimumVisualStudioVersion = 10.0.40219.1
Project("{FAE04EC0-301F-11D3-BF4B-00C04F79EFBC}") = "Lekcja10", "Lekcja10\Lekcja10.csproj", "{E211BD77-2A39-4963-ACAE-CA9B47BF92DB}"
EndProject
Global
	GlobalSection(SolutionConfigurationPlatforms) = preSolution
		Debug|Any CPU = Debug|Any CPU
		Release|Any CPU = Release|Any CPU
	EndGlobalSection
	GlobalSection(ProjectConfigurationPlatforms) = postSolution
		{E211BD77-2A39-4963-ACAE-CA9B47BF92DB}.Debug|Any CPU.ActiveCfg = Debug|Any CPU
		{E211BD77-2A39-4963-ACAE-CA9B47BF92DB}.Debug|Any CPU.Build.0 = Debug|Any CPU
		{E211BD77-2A39-4963-ACAE-CA9B47BF92DB}.Release|Any CPU.ActiveCfg = Release|Any CPU
		{E211BD77-2A39-4963-ACAE-CA9B47BF92DB}.Release|Any CPU.Build.0 = Release|Any CPU
	EndGlobalSection
	GlobalSection(SolutionProperties) = preSolution
		HideSolutionNode = FALSE
	EndGlobalSection
	GlobalSection(ExtensibilityGlobals) = postSolution
		SolutionGuid = {CBF1A23C-3CEC-450A-8DD1-EFAEFE578B0B}
	EndGlobalSection
EndGlobal
