
Microsoft Visual Studio Solution File, Format Version 12.00
# Visual Studio Version 17
VisualStudioVersion = 17.3.32929.385
MinimumVisualStudioVersion = 10.0.40219.1
Project("{FAE04EC0-301F-11D3-BF4B-00C04F79EFBC}") = "Lista_zakupow", "Lista_zakupow\Lista_zakupow.csproj", "{50725268-2729-478A-B9E7-7CEBE1651A29}"
EndProject
Global
	GlobalSection(SolutionConfigurationPlatforms) = preSolution
		Debug|Any CPU = Debug|Any CPU
		Release|Any CPU = Release|Any CPU
	EndGlobalSection
	GlobalSection(ProjectConfigurationPlatforms) = postSolution
		{50725268-2729-478A-B9E7-7CEBE1651A29}.Debug|Any CPU.ActiveCfg = Debug|Any CPU
		{50725268-2729-478A-B9E7-7CEBE1651A29}.Debug|Any CPU.Build.0 = Debug|Any CPU
		{50725268-2729-478A-B9E7-7CEBE1651A29}.Release|Any CPU.ActiveCfg = Release|Any CPU
		{50725268-2729-478A-B9E7-7CEBE1651A29}.Release|Any CPU.Build.0 = Release|Any CPU
	EndGlobalSection
	GlobalSection(SolutionProperties) = preSolution
		HideSolutionNode = FALSE
	EndGlobalSection
	GlobalSection(ExtensibilityGlobals) = postSolution
		SolutionGuid = {C31C3B31-5D78-4DF9-8FFA-664C309DBEC7}
	EndGlobalSection
EndGlobal
