
Microsoft Visual Studio Solution File, Format Version 12.00
# Visual Studio Version 17
VisualStudioVersion = 17.3.32929.385
MinimumVisualStudioVersion = 10.0.40219.1
Project("{FAE04EC0-301F-11D3-BF4B-00C04F79EFBC}") = "Lekcja4", "Lekcja4\Lekcja4.csproj", "{562925C9-4FDF-4C13-97EF-45013FD5DE00}"
EndProject
Global
	GlobalSection(SolutionConfigurationPlatforms) = preSolution
		Debug|Any CPU = Debug|Any CPU
		Release|Any CPU = Release|Any CPU
	EndGlobalSection
	GlobalSection(ProjectConfigurationPlatforms) = postSolution
		{562925C9-4FDF-4C13-97EF-45013FD5DE00}.Debug|Any CPU.ActiveCfg = Debug|Any CPU
		{562925C9-4FDF-4C13-97EF-45013FD5DE00}.Debug|Any CPU.Build.0 = Debug|Any CPU
		{562925C9-4FDF-4C13-97EF-45013FD5DE00}.Release|Any CPU.ActiveCfg = Release|Any CPU
		{562925C9-4FDF-4C13-97EF-45013FD5DE00}.Release|Any CPU.Build.0 = Release|Any CPU
	EndGlobalSection
	GlobalSection(SolutionProperties) = preSolution
		HideSolutionNode = FALSE
	EndGlobalSection
	GlobalSection(ExtensibilityGlobals) = postSolution
		SolutionGuid = {6E46B55A-9E1D-48AA-96C7-1B29EBA759E5}
	EndGlobalSection
EndGlobal
